
Microsoft Visual Studio Solution File, Format Version 12.00
# Visual Studio 15
VisualStudioVersion = 15.0.28307.572
MinimumVisualStudioVersion = 10.0.40219.1
Project("{FAE04EC0-301F-11D3-BF4B-00C04F79EFBC}") = "stork", "stork\stork.csproj", "{2BC39E03-C117-425E-82A2-36C5830DDAF5}"
EndProject
Global
	GlobalSection(SolutionConfigurationPlatforms) = preSolution
		Debug|Any CPU = Debug|Any CPU
		Release|Any CPU = Release|Any CPU
	EndGlobalSection
	GlobalSection(ProjectConfigurationPlatforms) = postSolution
		{2BC39E03-C117-425E-82A2-36C5830DDAF5}.Debug|Any CPU.ActiveCfg = Debug|Any CPU
		{2BC39E03-C117-425E-82A2-36C5830DDAF5}.Debug|Any CPU.Build.0 = Debug|Any CPU
		{2BC39E03-C117-425E-82A2-36C5830DDAF5}.Release|Any CPU.ActiveCfg = Release|Any CPU
		{2BC39E03-C117-425E-82A2-36C5830DDAF5}.Release|Any CPU.Build.0 = Release|Any CPU
	EndGlobalSection
	GlobalSection(SolutionProperties) = preSolution
		HideSolutionNode = FALSE
	EndGlobalSection
	GlobalSection(ExtensibilityGlobals) = postSolution
		SolutionGuid = {C08E0CC3-E5E7-45B1-863A-75ED7677CC2B}
	EndGlobalSection
EndGlobal
